
Microsoft Visual Studio Solution File, Format Version 12.00
# Visual Studio Version 17
VisualStudioVersion = 17.5.002.0
MinimumVisualStudioVersion = 10.0.40219.1
Project("{9A19103F-16F7-4668-BE54-9A1E7A4F7556}") = "BIManager", "BIManager.csproj", "{BF990D8B-3E08-4931-9FFB-0F83AA843088}"
EndProject
Global
	GlobalSection(SolutionConfigurationPlatforms) = preSolution
		Debug|Any CPU = Debug|Any CPU
		Release|Any CPU = Release|Any CPU
	EndGlobalSection
	GlobalSection(ProjectConfigurationPlatforms) = postSolution
		{BF990D8B-3E08-4931-9FFB-0F83AA843088}.Debug|Any CPU.ActiveCfg = Debug|Any CPU
		{BF990D8B-3E08-4931-9FFB-0F83AA843088}.Debug|Any CPU.Build.0 = Debug|Any CPU
		{BF990D8B-3E08-4931-9FFB-0F83AA843088}.Release|Any CPU.ActiveCfg = Release|Any CPU
		{BF990D8B-3E08-4931-9FFB-0F83AA843088}.Release|Any CPU.Build.0 = Release|Any CPU
	EndGlobalSection
	GlobalSection(SolutionProperties) = preSolution
		HideSolutionNode = FALSE
	EndGlobalSection
	GlobalSection(ExtensibilityGlobals) = postSolution
		SolutionGuid = {EA25C15B-41AA-4ADF-99EA-C6332596C113}
	EndGlobalSection
EndGlobal
